lockfileVersion: '9.0'

settings:
  autoInstallPeers: true
  excludeLinksFromLockfile: false

importers:

  .:
    devDependencies:
      '@typescript/native-preview':
        specifier: 7.0.0-dev.20260421.2
        version: 7.0.0-dev.20260421.2

  packages/remark-gherkin: {}

packages:

  '@typescript/native-preview-darwin-arm64@7.0.0-dev.20260421.2':
    resolution: {integrity: sha512-fHv1r3ZmVo6zxuAIFmuX3w9QxbcauoG0SsWhmDwm6VmRubLlOJIcmTtlmV3JAb9oOnq8LuzZljzT7Q39fSMQDw==}
    cpu: [arm64]
    os: [darwin]

  '@typescript/native-preview-darwin-x64@7.0.0-dev.20260421.2':
    resolution: {integrity: sha512-KWTR6xbW9t+JS7D5DQIzo75pqVXVWUxF9PMv/+S6xsnOjCVd6g0ixHcFpFMJMKSUQpGPr8Z5f7b8ks6LHW01jg==}
    cpu: [x64]
    os: [darwin]

  '@typescript/native-preview-linux-arm64@7.0.0-dev.20260421.2':
    resolution: {integrity: sha512-VLMEuml3BhUb+jaL0TXQ4xvVODxJF+RhkI+tBWvlynsJI4khTXEiwWh+wPOJrsfBRYFRMXEu28Odl/HXkYze8w==}
    cpu: [arm64]
    os: [linux]

  '@typescript/native-preview-linux-arm@7.0.0-dev.20260421.2':
    resolution: {integrity: sha512-BWLQO3nemLDSV5PoE5GPHe1dU9Dth77Kv8/cle9Ujcp4LhPo0KincdPqFH/qKeU/xvW25mgFueflZ1nc4rKuww==}
    cpu: [arm]
    os: [linux]

  '@typescript/native-preview-linux-x64@7.0.0-dev.20260421.2':
    resolution: {integrity: sha512-qUrJWTB5/wv4wnRG0TRXElAxc2kykNiRNyEIEqBbLmzDlrcvAW7RRy8MXoY1ZyTiKGMu14itZ3x9oW6+blFpRw==}
    cpu: [x64]
    os: [linux]

  '@typescript/native-preview-win32-arm64@7.0.0-dev.20260421.2':
    resolution: {integrity: sha512-Rc6NsWlZmCs5YUKVzKgwoBOoRUGsPzct4BDMRX0csD1devLBBc4AbUXWKsJRbpwIAnqMO1ld4sNHEb+wXgfNHQ==}
    cpu: [arm64]
    os: [win32]

  '@typescript/native-preview-win32-x64@7.0.0-dev.20260421.2':
    resolution: {integrity: sha512-GQv1+dya1t6EqF2Cpsb+xoozovdX10JUSf6Kl/8xNkTapzmlHd+uMr+8ku3jIASTxoRGn0Mklgjj3MDKrOTuLg==}
    cpu: [x64]
    os: [win32]

  '@typescript/native-preview@7.0.0-dev.20260421.2':
    resolution: {integrity: sha512-CmajHI25HpVWE9R1XFoxr+cphJPxoYD3eFioQtAvXYkMFKnLdICMS9pXre9Pybizb75ejRxjKD5/CVG055rEIg==}
    hasBin: true

snapshots:

  '@typescript/native-preview-darwin-arm64@7.0.0-dev.20260421.2':
    optional: true

  '@typescript/native-preview-darwin-x64@7.0.0-dev.20260421.2':
    optional: true

  '@typescript/native-preview-linux-arm64@7.0.0-dev.20260421.2':
    optional: true

  '@typescript/native-preview-linux-arm@7.0.0-dev.20260421.2':
    optional: true

  '@typescript/native-preview-linux-x64@7.0.0-dev.20260421.2':
    optional: true

  '@typescript/native-preview-win32-arm64@7.0.0-dev.20260421.2':
    optional: true

  '@typescript/native-preview-win32-x64@7.0.0-dev.20260421.2':
    optional: true

  '@typescript/native-preview@7.0.0-dev.20260421.2':
    optionalDependencies:
      '@typescript/native-preview-darwin-arm64': 7.0.0-dev.20260421.2
      '@typescript/native-preview-darwin-x64': 7.0.0-dev.20260421.2
      '@typescript/native-preview-linux-arm': 7.0.0-dev.20260421.2
      '@typescript/native-preview-linux-arm64': 7.0.0-dev.20260421.2
      '@typescript/native-preview-linux-x64': 7.0.0-dev.20260421.2
      '@typescript/native-preview-win32-arm64': 7.0.0-dev.20260421.2
      '@typescript/native-preview-win32-x64': 7.0.0-dev.20260421.2
